
Microsoft Visual Studio Solution File, Format Version 12.00
# Visual Studio Version 17
VisualStudioVersion = 17.11.35303.130
MinimumVisualStudioVersion = 10.0.40219.1
Project("{FAE04EC0-301F-11D3-BF4B-00C04F79EFBC}") = "WebApplication1_Milestone1", "WebApplication1_Milestone1\WebApplication1_Milestone1.csproj", "{1918D4BA-4834-44B4-BC8B-B6CC1D982E97}"
EndProject
Global
	GlobalSection(SolutionConfigurationPlatforms) = preSolution
		Debug|Any CPU = Debug|Any CPU
		Release|Any CPU = Release|Any CPU
	EndGlobalSection
	GlobalSection(ProjectConfigurationPlatforms) = postSolution
		{1918D4BA-4834-44B4-BC8B-B6CC1D982E97}.Debug|Any CPU.ActiveCfg = Debug|Any CPU
		{1918D4BA-4834-44B4-BC8B-B6CC1D982E97}.Debug|Any CPU.Build.0 = Debug|Any CPU
		{1918D4BA-4834-44B4-BC8B-B6CC1D982E97}.Release|Any CPU.ActiveCfg = Release|Any CPU
		{1918D4BA-4834-44B4-BC8B-B6CC1D982E97}.Release|Any CPU.Build.0 = Release|Any CPU
	EndGlobalSection
	GlobalSection(SolutionProperties) = preSolution
		HideSolutionNode = FALSE
	EndGlobalSection
	GlobalSection(ExtensibilityGlobals) = postSolution
		SolutionGuid = {EEEF78F7-7C86-40D8-9E16-D3D132AD5BB1}
	EndGlobalSection
EndGlobal
